
Microsoft Visual Studio Solution File, Format Version 12.00
# Visual Studio Version 17
VisualStudioVersion = 17.1.32210.238
MinimumVisualStudioVersion = 10.0.40219.1
Project("{9A19103F-16F7-4668-BE54-9A1E7A4F7556}") = "EtumrepMMO.ConsoleApp", "EtumrepMMO.ConsoleApp\EtumrepMMO.ConsoleApp.csproj", "{0DCF6384-C30C-42EA-9D30-D393A8BB22CC}"
EndProject
Project("{9A19103F-16F7-4668-BE54-9A1E7A4F7556}") = "EtumrepMMO.Lib", "EtumrepMMO.Lib\EtumrepMMO.Lib.csproj", "{CC8865E1-6526-40BD-B025-BAB68FB0224D}"
EndProject
Project("{9A19103F-16F7-4668-BE54-9A1E7A4F7556}") = "EtumrepMMO.Tests", "EtumrepMMO.Tests\EtumrepMMO.Tests.csproj", "{C72B86A5-539B-41D0-B18E-852BA72E1A66}"
EndProject
Global
	GlobalSection(SolutionConfigurationPlatforms) = preSolution
		Debug|x64 = Debug|x64
		Debug|x86 = Debug|x86
		Release|x64 = Release|x64
		Release|x86 = Release|x86
	EndGlobalSection
	GlobalSection(ProjectConfigurationPlatforms) = postSolution
		{91D75103-E981-4FCC-9D3F-F5086641B057}.Debug|x64.ActiveCfg = Debug|Any CPU
		{91D75103-E981-4FCC-9D3F-F5086641B057}.Debug|x64.Build.0 = Debug|Any CPU
		{91D75103-E981-4FCC-9D3F-F5086641B057}.Debug|x86.ActiveCfg = Debug|Any CPU
		{91D75103-E981-4FCC-9D3F-F5086641B057}.Debug|x86.Build.0 = Debug|Any CPU
		{91D75103-E981-4FCC-9D3F-F5086641B057}.Release|x64.ActiveCfg = Release|x64
		{91D75103-E981-4FCC-9D3F-F5086641B057}.Release|x64.Build.0 = Release|x64
		{91D75103-E981-4FCC-9D3F-F5086641B057}.Release|x86.ActiveCfg = Release|x86
		{91D75103-E981-4FCC-9D3F-F5086641B057}.Release|x86.Build.0 = Release|x86
		{C72B86A5-539B-41D0-B18E-852BA72E1A66}.Debug|Any CPU.ActiveCfg = Debug|x64
		{C72B86A5-539B-41D0-B18E-852BA72E1A66}.Debug|x64.ActiveCfg = Debug|x64
		{C72B86A5-539B-41D0-B18E-852BA72E1A66}.Debug|x64.Build.0 = Debug|x64
		{C72B86A5-539B-41D0-B18E-852BA72E1A66}.Debug|x86.ActiveCfg = Debug|x86
		{C72B86A5-539B-41D0-B18E-852BA72E1A66}.Debug|x86.Build.0 = Debug|x86
		{C72B86A5-539B-41D0-B18E-852BA72E1A66}.Release|x64.ActiveCfg = Release|x64
		{C72B86A5-539B-41D0-B18E-852BA72E1A66}.Release|x64.Build.0 = Release|x64
		{C72B86A5-539B-41D0-B18E-852BA72E1A66}.Release|x86.ActiveCfg = Release|x86
		{C72B86A5-539B-41D0-B18E-852BA72E1A66}.Release|x86.Build.0 = Release|x86
		{CC8865E1-6526-40BD-B025-BAB68FB0224D}.Debug|Any CPU.ActiveCfg = Debug|x64
		{CC8865E1-6526-40BD-B025-BAB68FB0224D}.Debug|x64.ActiveCfg = Debug|x64
		{CC8865E1-6526-40BD-B025-BAB68FB0224D}.Debug|x64.Build.0 = Debug|x64
		{CC8865E1-6526-40BD-B025-BAB68FB0224D}.Debug|x86.ActiveCfg = Debug|x86
		{CC8865E1-6526-40BD-B025-BAB68FB0224D}.Debug|x86.Build.0 = Debug|x86
		{CC8865E1-6526-40BD-B025-BAB68FB0224D}.Release|x64.ActiveCfg = Release|x64
		{CC8865E1-6526-40BD-B025-BAB68FB0224D}.Release|x64.Build.0 = Release|x64
		{CC8865E1-6526-40BD-B025-BAB68FB0224D}.Release|x86.ActiveCfg = Release|x86
		{CC8865E1-6526-40BD-B025-BAB68FB0224D}.Release|x86.Build.0 = Release|x86
		{0DCF6384-C30C-42EA-9D30-D393A8BB22CC}.Debug|x64.ActiveCfg = Debug|x64
		{0DCF6384-C30C-42EA-9D30-D393A8BB22CC}.Debug|x64.Build.0 = Debug|x64
		{0DCF6384-C30C-42EA-9D30-D393A8BB22CC}.Debug|x86.ActiveCfg = Debug|x64
		{0DCF6384-C30C-42EA-9D30-D393A8BB22CC}.Debug|x86.Build.0 = Debug|x64
		{0DCF6384-C30C-42EA-9D30-D393A8BB22CC}.Release|x64.ActiveCfg = Release|Any CPU
		{0DCF6384-C30C-42EA-9D30-D393A8BB22CC}.Release|x64.Build.0 = Release|Any CPU
		{0DCF6384-C30C-42EA-9D30-D393A8BB22CC}.Release|x86.ActiveCfg = Release|Any CPU
		{0DCF6384-C30C-42EA-9D30-D393A8BB22CC}.Release|x86.Build.0 = Release|Any CPU
	EndGlobalSection
EndGlobal
